
Microsoft Visual Studio Solution File, Format Version 12.00
# Visual Studio Version 16
VisualStudioVersion = 16.0.28729.10
MinimumVisualStudioVersion = 10.0.40219.1
Project("{FAE04EC0-301F-11D3-BF4B-00C04F79EFBC}") = "MatchGame", "MatchGame\MatchGame.csproj", "{B8A41CF2-5448-4138-9DF3-2FCA9D16587D}"
EndProject
Global
	GlobalSection(SolutionConfigurationPlatforms) = preSolution
		Debug|Any CPU = Debug|Any CPU
		Release|Any CPU = Release|Any CPU
	EndGlobalSection
	GlobalSection(ProjectConfigurationPlatforms) = postSolution
		{B8A41CF2-5448-4138-9DF3-2FCA9D16587D}.Debug|Any CPU.ActiveCfg = Debug|Any CPU
		{B8A41CF2-5448-4138-9DF3-2FCA9D16587D}.Debug|Any CPU.Build.0 = Debug|Any CPU
		{B8A41CF2-5448-4138-9DF3-2FCA9D16587D}.Release|Any CPU.ActiveCfg = Release|Any CPU
		{B8A41CF2-5448-4138-9DF3-2FCA9D16587D}.Release|Any CPU.Build.0 = Release|Any CPU
	EndGlobalSection
	GlobalSection(SolutionProperties) = preSolution
		HideSolutionNode = FALSE
	EndGlobalSection
	GlobalSection(ExtensibilityGlobals) = postSolution
		SolutionGuid = {F635CA5A-CB13-4968-9E10-F28D1EF14B2C}
	EndGlobalSection
EndGlobal
